
Microsoft Visual Studio Solution File, Format Version 12.00
# Visual Studio Version 16
VisualStudioVersion = 16.0.32802.440
MinimumVisualStudioVersion = 10.0.40219.1
Project("{FAE04EC0-301F-11D3-BF4B-00C04F79EFBC}") = "1", "1\1.csproj", "{2B97C8F5-D594-48DF-9DD8-3DF84C78CC75}"
EndProject
Project("{FAE04EC0-301F-11D3-BF4B-00C04F79EFBC}") = "2", "2\2.csproj", "{04ECFCAF-6C01-4A8E-9830-9548B7BF0575}"
EndProject
Project("{FAE04EC0-301F-11D3-BF4B-00C04F79EFBC}") = "3", "3\3.csproj", "{C1512BAD-FADE-485B-BA0F-AA31F72237E0}"
EndProject
Project("{FAE04EC0-301F-11D3-BF4B-00C04F79EFBC}") = "4", "4\4.csproj", "{920942AF-B4C2-498B-98B9-D6E05D891A05}"
EndProject
Project("{FAE04EC0-301F-11D3-BF4B-00C04F79EFBC}") = "5", "5\5.csproj", "{09DB4C3E-B829-4361-82D7-F8B5795B5B9E}"
EndProject
Project("{FAE04EC0-301F-11D3-BF4B-00C04F79EFBC}") = "6", "6\6.csproj", "{F61FCC68-F00A-4291-8CE9-57913F420B0C}"
EndProject
Project("{FAE04EC0-301F-11D3-BF4B-00C04F79EFBC}") = "7", "7\7.csproj", "{8D6E326D-8FAD-48FB-8152-E75D979D2633}"
EndProject
Project("{FAE04EC0-301F-11D3-BF4B-00C04F79EFBC}") = "8", "8\8.csproj", "{36DC6E7B-E2E7-42EC-B1DC-8FD836848B5C}"
EndProject
Project("{FAE04EC0-301F-11D3-BF4B-00C04F79EFBC}") = "9", "9\9.csproj", "{721B8B81-71E0-4A69-8747-0696EC98EC8A}"
EndProject
Project("{FAE04EC0-301F-11D3-BF4B-00C04F79EFBC}") = "10", "10\10.csproj", "{19DBEB26-3192-4A43-83F4-22BCFDDB2ECF}"
EndProject
Project("{FAE04EC0-301F-11D3-BF4B-00C04F79EFBC}") = "11", "11\11.csproj", "{9A269A4A-6CE2-4169-888E-E1EE255B3664}"
EndProject
Project("{FAE04EC0-301F-11D3-BF4B-00C04F79EFBC}") = "12", "12\12.csproj", "{2E1576FA-85C4-4862-912B-F38211CCA7C2}"
EndProject
Project("{FAE04EC0-301F-11D3-BF4B-00C04F79EFBC}") = "13", "13\13.csproj", "{9CC5B73E-4217-449A-82F6-50EDFCBF0A81}"
EndProject
Project("{FAE04EC0-301F-11D3-BF4B-00C04F79EFBC}") = "14", "14\14.csproj", "{4E0F399A-3488-4C34-8F5E-0E7E36A4DAE3}"
EndProject
Project("{FAE04EC0-301F-11D3-BF4B-00C04F79EFBC}") = "15", "15\15.csproj", "{1BA2B373-EB9C-40D5-8B01-629B86D0F3C1}"
EndProject
Project("{FAE04EC0-301F-11D3-BF4B-00C04F79EFBC}") = "16", "16\16.csproj", "{2FF3ED09-F464-4DDB-AA28-7F1C94567F97}"
EndProject
Global
	GlobalSection(SolutionConfigurationPlatforms) = preSolution
		Debug|Any CPU = Debug|Any CPU
		Release|Any CPU = Release|Any CPU
	EndGlobalSection
	GlobalSection(ProjectConfigurationPlatforms) = postSolution
		{2B97C8F5-D594-48DF-9DD8-3DF84C78CC75}.Debug|Any CPU.ActiveCfg = Debug|Any CPU
		{2B97C8F5-D594-48DF-9DD8-3DF84C78CC75}.Debug|Any CPU.Build.0 = Debug|Any CPU
		{2B97C8F5-D594-48DF-9DD8-3DF84C78CC75}.Release|Any CPU.ActiveCfg = Release|Any CPU
		{2B97C8F5-D594-48DF-9DD8-3DF84C78CC75}.Release|Any CPU.Build.0 = Release|Any CPU
		{04ECFCAF-6C01-4A8E-9830-9548B7BF0575}.Debug|Any CPU.ActiveCfg = Debug|Any CPU
		{04ECFCAF-6C01-4A8E-9830-9548B7BF0575}.Debug|Any CPU.Build.0 = Debug|Any CPU
		{04ECFCAF-6C01-4A8E-9830-9548B7BF0575}.Release|Any CPU.ActiveCfg = Release|Any CPU
		{04ECFCAF-6C01-4A8E-9830-9548B7BF0575}.Release|Any CPU.Build.0 = Release|Any CPU
		{C1512BAD-FADE-485B-BA0F-AA31F72237E0}.Debug|Any CPU.ActiveCfg = Debug|Any CPU
		{C1512BAD-FADE-485B-BA0F-AA31F72237E0}.Debug|Any CPU.Build.0 = Debug|Any CPU
		{C1512BAD-FADE-485B-BA0F-AA31F72237E0}.Release|Any CPU.ActiveCfg = Release|Any CPU
		{C1512BAD-FADE-485B-BA0F-AA31F72237E0}.Release|Any CPU.Build.0 = Release|Any CPU
		{920942AF-B4C2-498B-98B9-D6E05D891A05}.Debug|Any CPU.ActiveCfg = Debug|Any CPU
		{920942AF-B4C2-498B-98B9-D6E05D891A05}.Debug|Any CPU.Build.0 = Debug|Any CPU
		{920942AF-B4C2-498B-98B9-D6E05D891A05}.Release|Any CPU.ActiveCfg = Release|Any CPU
		{920942AF-B4C2-498B-98B9-D6E05D891A05}.Release|Any CPU.Build.0 = Release|Any CPU
		{09DB4C3E-B829-4361-82D7-F8B5795B5B9E}.Debug|Any CPU.ActiveCfg = Debug|Any CPU
		{09DB4C3E-B829-4361-82D7-F8B5795B5B9E}.Debug|Any CPU.Build.0 = Debug|Any CPU
		{09DB4C3E-B829-4361-82D7-F8B5795B5B9E}.Release|Any CPU.ActiveCfg = Release|Any CPU
		{09DB4C3E-B829-4361-82D7-F8B5795B5B9E}.Release|Any CPU.Build.0 = Release|Any CPU
		{F61FCC68-F00A-4291-8CE9-57913F420B0C}.Debug|Any CPU.ActiveCfg = Debug|Any CPU
		{F61FCC68-F00A-4291-8CE9-57913F420B0C}.Debug|Any CPU.Build.0 = Debug|Any CPU
		{F61FCC68-F00A-4291-8CE9-57913F420B0C}.Release|Any CPU.ActiveCfg = Release|Any CPU
		{F61FCC68-F00A-4291-8CE9-57913F420B0C}.Release|Any CPU.Build.0 = Release|Any CPU
		{8D6E326D-8FAD-48FB-8152-E75D979D2633}.Debug|Any CPU.ActiveCfg = Debug|Any CPU
		{8D6E326D-8FAD-48FB-8152-E75D979D2633}.Debug|Any CPU.Build.0 = Debug|Any CPU
		{8D6E326D-8FAD-48FB-8152-E75D979D2633}.Release|Any CPU.ActiveCfg = Release|Any CPU
		{8D6E326D-8FAD-48FB-8152-E75D979D2633}.Release|Any CPU.Build.0 = Release|Any CPU
		{36DC6E7B-E2E7-42EC-B1DC-8FD836848B5C}.Debug|Any CPU.ActiveCfg = Debug|Any CPU
		{36DC6E7B-E2E7-42EC-B1DC-8FD836848B5C}.Debug|Any CPU.Build.0 = Debug|Any CPU
		{36DC6E7B-E2E7-42EC-B1DC-8FD836848B5C}.Release|Any CPU.ActiveCfg = Release|Any CPU
		{36DC6E7B-E2E7-42EC-B1DC-8FD836848B5C}.Release|Any CPU.Build.0 = Release|Any CPU
		{721B8B81-71E0-4A69-8747-0696EC98EC8A}.Debug|Any CPU.ActiveCfg = Debug|Any CPU
		{721B8B81-71E0-4A69-8747-0696EC98EC8A}.Debug|Any CPU.Build.0 = Debug|Any CPU
		{721B8B81-71E0-4A69-8747-0696EC98EC8A}.Release|Any CPU.ActiveCfg = Release|Any CPU
		{721B8B81-71E0-4A69-8747-0696EC98EC8A}.Release|Any CPU.Build.0 = Release|Any CPU
		{19DBEB26-3192-4A43-83F4-22BCFDDB2ECF}.Debug|Any CPU.ActiveCfg = Debug|Any CPU
		{19DBEB26-3192-4A43-83F4-22BCFDDB2ECF}.Debug|Any CPU.Build.0 = Debug|Any CPU
		{19DBEB26-3192-4A43-83F4-22BCFDDB2ECF}.Release|Any CPU.ActiveCfg = Release|Any CPU
		{19DBEB26-3192-4A43-83F4-22BCFDDB2ECF}.Release|Any CPU.Build.0 = Release|Any CPU
		{9A269A4A-6CE2-4169-888E-E1EE255B3664}.Debug|Any CPU.ActiveCfg = Debug|Any CPU
		{9A269A4A-6CE2-4169-888E-E1EE255B3664}.Debug|Any CPU.Build.0 = Debug|Any CPU
		{9A269A4A-6CE2-4169-888E-E1EE255B3664}.Release|Any CPU.ActiveCfg = Release|Any CPU
		{9A269A4A-6CE2-4169-888E-E1EE255B3664}.Release|Any CPU.Build.0 = Release|Any CPU
		{2E1576FA-85C4-4862-912B-F38211CCA7C2}.Debug|Any CPU.ActiveCfg = Debug|Any CPU
		{2E1576FA-85C4-4862-912B-F38211CCA7C2}.Debug|Any CPU.Build.0 = Debug|Any CPU
		{2E1576FA-85C4-4862-912B-F38211CCA7C2}.Release|Any CPU.ActiveCfg = Release|Any CPU
		{2E1576FA-85C4-4862-912B-F38211CCA7C2}.Release|Any CPU.Build.0 = Release|Any CPU
		{9CC5B73E-4217-449A-82F6-50EDFCBF0A81}.Debug|Any CPU.ActiveCfg = Debug|Any CPU
		{9CC5B73E-4217-449A-82F6-50EDFCBF0A81}.Debug|Any CPU.Build.0 = Debug|Any CPU
		{9CC5B73E-4217-449A-82F6-50EDFCBF0A81}.Release|Any CPU.ActiveCfg = Release|Any CPU
		{9CC5B73E-4217-449A-82F6-50EDFCBF0A81}.Release|Any CPU.Build.0 = Release|Any CPU
		{4E0F399A-3488-4C34-8F5E-0E7E36A4DAE3}.Debug|Any CPU.ActiveCfg = Debug|Any CPU
		{4E0F399A-3488-4C34-8F5E-0E7E36A4DAE3}.Debug|Any CPU.Build.0 = Debug|Any CPU
		{4E0F399A-3488-4C34-8F5E-0E7E36A4DAE3}.Release|Any CPU.ActiveCfg = Release|Any CPU
		{4E0F399A-3488-4C34-8F5E-0E7E36A4DAE3}.Release|Any CPU.Build.0 = Release|Any CPU
		{1BA2B373-EB9C-40D5-8B01-629B86D0F3C1}.Debug|Any CPU.ActiveCfg = Debug|Any CPU
		{1BA2B373-EB9C-40D5-8B01-629B86D0F3C1}.Debug|Any CPU.Build.0 = Debug|Any CPU
		{1BA2B373-EB9C-40D5-8B01-629B86D0F3C1}.Release|Any CPU.ActiveCfg = Release|Any CPU
		{1BA2B373-EB9C-40D5-8B01-629B86D0F3C1}.Release|Any CPU.Build.0 = Release|Any CPU
		{2FF3ED09-F464-4DDB-AA28-7F1C94567F97}.Debug|Any CPU.ActiveCfg = Debug|Any CPU
		{2FF3ED09-F464-4DDB-AA28-7F1C94567F97}.Debug|Any CPU.Build.0 = Debug|Any CPU
		{2FF3ED09-F464-4DDB-AA28-7F1C94567F97}.Release|Any CPU.ActiveCfg = Release|Any CPU
		{2FF3ED09-F464-4DDB-AA28-7F1C94567F97}.Release|Any CPU.Build.0 = Release|Any CPU
	EndGlobalSection
	GlobalSection(SolutionProperties) = preSolution
		HideSolutionNode = FALSE
	EndGlobalSection
	GlobalSection(ExtensibilityGlobals) = postSolution
		SolutionGuid = {38D93DCA-81C5-48E0-A62B-3A0824863E55}
	EndGlobalSection
EndGlobal
